
Microsoft Visual Studio Solution File, Format Version 12.00
# Visual Studio Version 16
VisualStudioVersion = 16.0.30523.141
MinimumVisualStudioVersion = 10.0.40219.1
Project("{FAE04EC0-301F-11D3-BF4B-00C04F79EFBC}") = "McFall.EvAlg", "McFall.EvAlg\McFall.EvAlg.csproj", "{646A29CF-648C-4816-B032-F2D13727A7EB}"
EndProject
Global
	GlobalSection(SolutionConfigurationPlatforms) = preSolution
		Debug|Any CPU = Debug|Any CPU
		Debug|Mixed Platforms = Debug|Mixed Platforms
		Debug|x86 = Debug|x86
		Release|Any CPU = Release|Any CPU
		Release|Mixed Platforms = Release|Mixed Platforms
		Release|x86 = Release|x86
	EndGlobalSection
	GlobalSection(ProjectConfigurationPlatforms) = postSolution
		{646A29CF-648C-4816-B032-F2D13727A7EB}.Debug|Any CPU.ActiveCfg = Debug|Any CPU
		{646A29CF-648C-4816-B032-F2D13727A7EB}.Debug|Any CPU.Build.0 = Debug|Any CPU
		{646A29CF-648C-4816-B032-F2D13727A7EB}.Debug|Mixed Platforms.ActiveCfg = Debug|Any CPU
		{646A29CF-648C-4816-B032-F2D13727A7EB}.Debug|Mixed Platforms.Build.0 = Debug|Any CPU
		{646A29CF-648C-4816-B032-F2D13727A7EB}.Debug|x86.ActiveCfg = Debug|Any CPU
		{646A29CF-648C-4816-B032-F2D13727A7EB}.Debug|x86.Build.0 = Debug|Any CPU
		{646A29CF-648C-4816-B032-F2D13727A7EB}.Release|Any CPU.ActiveCfg = Release|Any CPU
		{646A29CF-648C-4816-B032-F2D13727A7EB}.Release|Any CPU.Build.0 = Release|Any CPU
		{646A29CF-648C-4816-B032-F2D13727A7EB}.Release|Mixed Platforms.ActiveCfg = Release|Any CPU
		{646A29CF-648C-4816-B032-F2D13727A7EB}.Release|Mixed Platforms.Build.0 = Release|Any CPU
		{646A29CF-648C-4816-B032-F2D13727A7EB}.Release|x86.ActiveCfg = Release|Any CPU
		{646A29CF-648C-4816-B032-F2D13727A7EB}.Release|x86.Build.0 = Release|Any CPU
	EndGlobalSection
	GlobalSection(SolutionProperties) = preSolution
		HideSolutionNode = FALSE
	EndGlobalSection
	GlobalSection(ExtensibilityGlobals) = postSolution
		SolutionGuid = {A2F49890-7708-4D44-A4E7-58573F99B0F9}
	EndGlobalSection
EndGlobal
